
Microsoft Visual Studio Solution File, Format Version 12.00
# Visual Studio 14
VisualStudioVersion = 14.0.25123.0
MinimumVisualStudioVersion = 10.0.40219.1
Project("{2150E333-8FDC-42A3-9474-1A3956D46DE8}") = ".paket", ".paket", "{0332D1C0-D8DE-40CD-9694-DDE05670B6F2}"
	ProjectSection(SolutionItems) = preProject
		paket.dependencies = paket.dependencies
	EndProjectSection
EndProject
Project("{F2A71F9B-5D33-465A-A702-920D77279786}") = "ShukaShoot", "ShukaShoot\ShukaShoot.fsproj", "{3D9BBAE5-0098-4C36-AF56-11330483045B}"
EndProject
Project("{F2A71F9B-5D33-465A-A702-920D77279786}") = "ShukaShoot.Test", "ShukaShoot.Test\ShukaShoot.Test.fsproj", "{78EE9E7D-FAA9-4382-A0AE-882B4BB95F5F}"
EndProject
Global
	GlobalSection(SolutionConfigurationPlatforms) = preSolution
		Debug|Any CPU = Debug|Any CPU
		Release|Any CPU = Release|Any CPU
	EndGlobalSection
	GlobalSection(ProjectConfigurationPlatforms) = postSolution
		{3D9BBAE5-0098-4C36-AF56-11330483045B}.Debug|Any CPU.ActiveCfg = Debug|Any CPU
		{3D9BBAE5-0098-4C36-AF56-11330483045B}.Debug|Any CPU.Build.0 = Debug|Any CPU
		{3D9BBAE5-0098-4C36-AF56-11330483045B}.Release|Any CPU.ActiveCfg = Release|Any CPU
		{3D9BBAE5-0098-4C36-AF56-11330483045B}.Release|Any CPU.Build.0 = Release|Any CPU
		{78EE9E7D-FAA9-4382-A0AE-882B4BB95F5F}.Debug|Any CPU.ActiveCfg = Debug|Any CPU
		{78EE9E7D-FAA9-4382-A0AE-882B4BB95F5F}.Debug|Any CPU.Build.0 = Debug|Any CPU
		{78EE9E7D-FAA9-4382-A0AE-882B4BB95F5F}.Release|Any CPU.ActiveCfg = Release|Any CPU
		{78EE9E7D-FAA9-4382-A0AE-882B4BB95F5F}.Release|Any CPU.Build.0 = Release|Any CPU
	EndGlobalSection
	GlobalSection(SolutionProperties) = preSolution
		HideSolutionNode = FALSE
	EndGlobalSection
EndGlobal
